
Microsoft Visual Studio Solution File, Format Version 12.00
# Visual Studio Version 17
VisualStudioVersion = 17.4.33213.308
MinimumVisualStudioVersion = 10.0.40219.1
Project("{FAE04EC0-301F-11D3-BF4B-00C04F79EFBC}") = "RestoranFinalyProject", "RestoranFinalyProject\RestoranFinalyProject.csproj", "{A87301B4-89C1-4F29-BA7D-79C78FF6A09F}"
EndProject
Global
	GlobalSection(SolutionConfigurationPlatforms) = preSolution
		Debug|Any CPU = Debug|Any CPU
		Release|Any CPU = Release|Any CPU
	EndGlobalSection
	GlobalSection(ProjectConfigurationPlatforms) = postSolution
		{A87301B4-89C1-4F29-BA7D-79C78FF6A09F}.Debug|Any CPU.ActiveCfg = Debug|Any CPU
		{A87301B4-89C1-4F29-BA7D-79C78FF6A09F}.Debug|Any CPU.Build.0 = Debug|Any CPU
		{A87301B4-89C1-4F29-BA7D-79C78FF6A09F}.Release|Any CPU.ActiveCfg = Release|Any CPU
		{A87301B4-89C1-4F29-BA7D-79C78FF6A09F}.Release|Any CPU.Build.0 = Release|Any CPU
	EndGlobalSection
	GlobalSection(SolutionProperties) = preSolution
		HideSolutionNode = FALSE
	EndGlobalSection
	GlobalSection(ExtensibilityGlobals) = postSolution
		SolutionGuid = {45C54551-BCF9-47B3-88AA-0CD68B930D64}
	EndGlobalSection
EndGlobal
